
Microsoft Visual Studio Solution File, Format Version 12.00
# Visual Studio Version 16
VisualStudioVersion = 16.0.32901.82
MinimumVisualStudioVersion = 10.0.40219.1
Project("{FAE04EC0-301F-11D3-BF4B-00C04F79EFBC}") = "MVCFinal", "MVCFinal\MVCFinal.csproj", "{62F2AE99-B8C4-4538-9C1E-018DD4E59997}"
EndProject
Global
	GlobalSection(SolutionConfigurationPlatforms) = preSolution
		Debug|Any CPU = Debug|Any CPU
		Release|Any CPU = Release|Any CPU
	EndGlobalSection
	GlobalSection(ProjectConfigurationPlatforms) = postSolution
		{62F2AE99-B8C4-4538-9C1E-018DD4E59997}.Debug|Any CPU.ActiveCfg = Debug|Any CPU
		{62F2AE99-B8C4-4538-9C1E-018DD4E59997}.Debug|Any CPU.Build.0 = Debug|Any CPU
		{62F2AE99-B8C4-4538-9C1E-018DD4E59997}.Release|Any CPU.ActiveCfg = Release|Any CPU
		{62F2AE99-B8C4-4538-9C1E-018DD4E59997}.Release|Any CPU.Build.0 = Release|Any CPU
	EndGlobalSection
	GlobalSection(SolutionProperties) = preSolution
		HideSolutionNode = FALSE
	EndGlobalSection
	GlobalSection(ExtensibilityGlobals) = postSolution
		SolutionGuid = {38D810B0-7938-4041-9E11-3F70FE3E9A78}
	EndGlobalSection
EndGlobal
